dependencies:
  espressif/esp-dsp:
    component_hash: 3e7bbd487f1357a1d4944d0c85966d049501ea281b8a4c7f93f7cfedd5b7f23d
    dependencies:
    - name: idf
      require: private
      version: '>=4.2'
    source:
      registry_url: https://components.espressif.com
      type: service
    version: 1.4.12
  espressif/esp-sr:
    component_hash: 60606a3e82442ec7aa1f89b7150e497373a38fbc651cc67c39c46502d3dd62c7
    dependencies:
    - name: espressif/esp-dsp
      registry_url: https://components.espressif.com
      require: private
      version: <=1.5.0
    - name: idf
      require: private
      version: '>=5.0'
    source:
      registry_url: https://components.espressif.com/
      type: service
    version: 2.0.1
  idf:
    source:
      type: idf
    version: 5.2.3
direct_dependencies:
- espressif/esp-sr
manifest_hash: e4f5e2747426964d4fb3b88a4d6d9fc5dfdf7e0bef89ab82c1921cffa18a93c0
target: esp32s3
version: 2.0.0
